
Microsoft Visual Studio Solution File, Format Version 12.00
# Visual Studio Version 16
VisualStudioVersion = 16.0.30002.166
MinimumVisualStudioVersion = 10.0.40219.1
Project("{9A19103F-16F7-4668-BE54-9A1E7A4F7556}") = "AWSLambdaWebAPI", "AWSServerlessLambdaWebAPI\AWSLambdaWebAPI.csproj", "{82EC0A59-8A38-4D6D-B80C-4CD41B51195A}"
EndProject
Project("{2150E333-8FDC-42A3-9474-1A3956D46DE8}") = "Solution Items", "Solution Items", "{6182139E-4F5F-4240-8C6F-E8B8F952B71A}"
	ProjectSection(SolutionItems) = preProject
		postman_collection.json = postman_collection.json
		System Diagram.png = System Diagram.png
	EndProjectSection
EndProject
Project("{9A19103F-16F7-4668-BE54-9A1E7A4F7556}") = "Domain", "Domain\Domain.csproj", "{F697A739-519A-49CD-8447-A37B9588C5F5}"
EndProject
Project("{9A19103F-16F7-4668-BE54-9A1E7A4F7556}") = "Data.FileSystem", "Data.FileSystem\Data.FileSystem.csproj", "{D5D0FE81-3D96-461F-AF4E-F927F641D987}"
EndProject
Project("{9A19103F-16F7-4668-BE54-9A1E7A4F7556}") = "Data.AWS.S3", "Data.AWS.S3\Data.AWS.S3.csproj", "{FDDB94E2-01FB-4444-B2B4-F1932C24CF1A}"
EndProject
Project("{9A19103F-16F7-4668-BE54-9A1E7A4F7556}") = "UnitTests", "UnitTests\UnitTests.csproj", "{C7479C94-1B94-4B85-9972-90B79B75E081}"
EndProject
Project("{9A19103F-16F7-4668-BE54-9A1E7A4F7556}") = "Data.AWS.DynamoDB", "Data.AWS.DynamoDB\Data.AWS.DynamoDB.csproj", "{F2A521F2-FEF0-4179-851A-5D00BE1B6941}"
EndProject
Global
	GlobalSection(SolutionConfigurationPlatforms) = preSolution
		Debug|Any CPU = Debug|Any CPU
		Release|Any CPU = Release|Any CPU
	EndGlobalSection
	GlobalSection(ProjectConfigurationPlatforms) = postSolution
		{82EC0A59-8A38-4D6D-B80C-4CD41B51195A}.Debug|Any CPU.ActiveCfg = Debug|Any CPU
		{82EC0A59-8A38-4D6D-B80C-4CD41B51195A}.Debug|Any CPU.Build.0 = Debug|Any CPU
		{82EC0A59-8A38-4D6D-B80C-4CD41B51195A}.Release|Any CPU.ActiveCfg = Release|Any CPU
		{82EC0A59-8A38-4D6D-B80C-4CD41B51195A}.Release|Any CPU.Build.0 = Release|Any CPU
		{F697A739-519A-49CD-8447-A37B9588C5F5}.Debug|Any CPU.ActiveCfg = Debug|Any CPU
		{F697A739-519A-49CD-8447-A37B9588C5F5}.Debug|Any CPU.Build.0 = Debug|Any CPU
		{F697A739-519A-49CD-8447-A37B9588C5F5}.Release|Any CPU.ActiveCfg = Release|Any CPU
		{F697A739-519A-49CD-8447-A37B9588C5F5}.Release|Any CPU.Build.0 = Release|Any CPU
		{D5D0FE81-3D96-461F-AF4E-F927F641D987}.Debug|Any CPU.ActiveCfg = Debug|Any CPU
		{D5D0FE81-3D96-461F-AF4E-F927F641D987}.Debug|Any CPU.Build.0 = Debug|Any CPU
		{D5D0FE81-3D96-461F-AF4E-F927F641D987}.Release|Any CPU.ActiveCfg = Release|Any CPU
		{D5D0FE81-3D96-461F-AF4E-F927F641D987}.Release|Any CPU.Build.0 = Release|Any CPU
		{FDDB94E2-01FB-4444-B2B4-F1932C24CF1A}.Debug|Any CPU.ActiveCfg = Debug|Any CPU
		{FDDB94E2-01FB-4444-B2B4-F1932C24CF1A}.Debug|Any CPU.Build.0 = Debug|Any CPU
		{FDDB94E2-01FB-4444-B2B4-F1932C24CF1A}.Release|Any CPU.ActiveCfg = Release|Any CPU
		{FDDB94E2-01FB-4444-B2B4-F1932C24CF1A}.Release|Any CPU.Build.0 = Release|Any CPU
		{C7479C94-1B94-4B85-9972-90B79B75E081}.Debug|Any CPU.ActiveCfg = Debug|Any CPU
		{C7479C94-1B94-4B85-9972-90B79B75E081}.Debug|Any CPU.Build.0 = Debug|Any CPU
		{C7479C94-1B94-4B85-9972-90B79B75E081}.Release|Any CPU.ActiveCfg = Release|Any CPU
		{C7479C94-1B94-4B85-9972-90B79B75E081}.Release|Any CPU.Build.0 = Release|Any CPU
		{F2A521F2-FEF0-4179-851A-5D00BE1B6941}.Debug|Any CPU.ActiveCfg = Debug|Any CPU
		{F2A521F2-FEF0-4179-851A-5D00BE1B6941}.Debug|Any CPU.Build.0 = Debug|Any CPU
		{F2A521F2-FEF0-4179-851A-5D00BE1B6941}.Release|Any CPU.ActiveCfg = Release|Any CPU
		{F2A521F2-FEF0-4179-851A-5D00BE1B6941}.Release|Any CPU.Build.0 = Release|Any CPU
	EndGlobalSection
	GlobalSection(SolutionProperties) = preSolution
		HideSolutionNode = FALSE
	EndGlobalSection
	GlobalSection(ExtensibilityGlobals) = postSolution
		SolutionGuid = {12014CFF-8789-4B17-9B32-3C537739B5D0}
	EndGlobalSection
EndGlobal
